
Microsoft Visual Studio Solution File, Format Version 12.00
# Visual Studio Version 16
VisualStudioVersion = 16.0.30523.141
MinimumVisualStudioVersion = 10.0.40219.1
Project("{2150E333-8FDC-42A3-9474-1A3956D46DE8}") = "src", "src", "{BA6BDB60-EA9B-4CAD-86BB-9063D2F1268D}"
EndProject
Project("{2150E333-8FDC-42A3-9474-1A3956D46DE8}") = "tests", "tests", "{751E7221-EF10-4500-B79A-377E32A9806B}"
EndProject
Project("{9A19103F-16F7-4668-BE54-9A1E7A4F7556}") = "Alura.LeilaoOnline.Core", "Alura.LeilaoOnline.Core\Alura.LeilaoOnline.Core.csproj", "{C8C1FB83-BBEC-4447-9C16-F8B506D4C01A}"
EndProject
Project("{9A19103F-16F7-4668-BE54-9A1E7A4F7556}") = "Alura.LeilaoOnline.ConsoleApp", "Alura.LeilaoOnline.ConsoleApp\Alura.LeilaoOnline.ConsoleApp.csproj", "{2A7F6E96-FB18-4B44-99EB-EA169D1C3FCA}"
EndProject
Project("{FAE04EC0-301F-11D3-BF4B-00C04F79EFBC}") = "Alura.LeilaoOnline.Tests", "Alura.LeilaoOnline.Tests\Alura.LeilaoOnline.Tests.csproj", "{B55BB67D-E9D2-4FCD-8968-38DA5C54D216}"
EndProject
Global
	GlobalSection(SolutionConfigurationPlatforms) = preSolution
		Debug|Any CPU = Debug|Any CPU
		Release|Any CPU = Release|Any CPU
	EndGlobalSection
	GlobalSection(ProjectConfigurationPlatforms) = postSolution
		{C8C1FB83-BBEC-4447-9C16-F8B506D4C01A}.Debug|Any CPU.ActiveCfg = Debug|Any CPU
		{C8C1FB83-BBEC-4447-9C16-F8B506D4C01A}.Debug|Any CPU.Build.0 = Debug|Any CPU
		{C8C1FB83-BBEC-4447-9C16-F8B506D4C01A}.Release|Any CPU.ActiveCfg = Release|Any CPU
		{C8C1FB83-BBEC-4447-9C16-F8B506D4C01A}.Release|Any CPU.Build.0 = Release|Any CPU
		{2A7F6E96-FB18-4B44-99EB-EA169D1C3FCA}.Debug|Any CPU.ActiveCfg = Debug|Any CPU
		{2A7F6E96-FB18-4B44-99EB-EA169D1C3FCA}.Debug|Any CPU.Build.0 = Debug|Any CPU
		{2A7F6E96-FB18-4B44-99EB-EA169D1C3FCA}.Release|Any CPU.ActiveCfg = Release|Any CPU
		{2A7F6E96-FB18-4B44-99EB-EA169D1C3FCA}.Release|Any CPU.Build.0 = Release|Any CPU
		{B55BB67D-E9D2-4FCD-8968-38DA5C54D216}.Debug|Any CPU.ActiveCfg = Debug|Any CPU
		{B55BB67D-E9D2-4FCD-8968-38DA5C54D216}.Debug|Any CPU.Build.0 = Debug|Any CPU
		{B55BB67D-E9D2-4FCD-8968-38DA5C54D216}.Release|Any CPU.ActiveCfg = Release|Any CPU
		{B55BB67D-E9D2-4FCD-8968-38DA5C54D216}.Release|Any CPU.Build.0 = Release|Any CPU
	EndGlobalSection
	GlobalSection(SolutionProperties) = preSolution
		HideSolutionNode = FALSE
	EndGlobalSection
	GlobalSection(NestedProjects) = preSolution
		{C8C1FB83-BBEC-4447-9C16-F8B506D4C01A} = {BA6BDB60-EA9B-4CAD-86BB-9063D2F1268D}
		{2A7F6E96-FB18-4B44-99EB-EA169D1C3FCA} = {751E7221-EF10-4500-B79A-377E32A9806B}
		{B55BB67D-E9D2-4FCD-8968-38DA5C54D216} = {751E7221-EF10-4500-B79A-377E32A9806B}
	EndGlobalSection
	GlobalSection(ExtensibilityGlobals) = postSolution
		SolutionGuid = {386B2509-6D25-4394-9606-9C94A98565F9}
	EndGlobalSection
EndGlobal
